github.com/fengdotdev/golibs-funcs v0.0.2 h1:ZAYkAhhqV0wWjdMkxsF4qQeGyX0In/ggdyvU6gMHlnw=
github.com/fengdotdev/golibs-funcs v0.0.2/go.mod h1:f91vNzf8leJ6QMOPkGmTwxhA26QOHCAzNf68249+qYM=
github.com/fengdotdev/golibs-testing v0.1.1 h1:HnQp/hL1tMzu8vYG+tPU3xMJl8elwzSrt8/sSIohcJY=
github.com/fengdotdev/golibs-testing v0.1.1/go.mod h1:tNJmVem0VTk/bkRvMyf7/QRrnWTe/CAnkPsb4dFimwY=
github.com/fengdotdev/golibs-traits v0.2.1 h1:t/xnNRCYI0v+MrvFqUL3jnhfQFUGSGE1Gz9X1pPlXhA=
github.com/fengdotdev/golibs-traits v0.2.1/go.mod h1:Ky0MxYNvKRxrcm5PMJNXGtr5Hs/S9xpTpiNTBEbwMiI=
github.com/google/uuid v1.6.0 h1:NIvaJDMOsjHA8n1jAhLSgzrAzy1Hgr+hNrb57e+94F0=
github.com/google/uuid v1.6.0/go.mod h1:TIyPZe4MgqvfeYDBFedMoGGpEw/LqOeaOT+nhxU+yHo=
golang.org/x/net v0.40.0 h1:79Xs7wF06Gbdcg4kdCCIQArK11Z1hr5POQ6+fIYHNuY=
golang.org/x/net v0.40.0/go.mod h1:y0hY0exeL2Pku80/zKK7tpntoX23cqL3Oa6njdgRtds=
